
Microsoft Visual Studio Solution File, Format Version 12.00
# Visual Studio 14
VisualStudioVersion = 14.0.23107.0
MinimumVisualStudioVersion = 10.0.40219.1
Project("{FAE04EC0-301F-11D3-BF4B-00C04F79EFBC}") = "Options_Menu", "Options_Menu\Options_Menu\Options_Menu.csproj", "{6D0A8C57-DBFA-419D-8D21-9CB97AA3ACE5}"
EndProject
Project("{FAE04EC0-301F-11D3-BF4B-00C04F79EFBC}") = "Options_MenuContent", "Options_Menu\Options_MenuContent\Options_MenuContent.contentproj", "{E0E1AB91-247C-421E-8662-2306960424E7}"
EndProject
Global
	GlobalSection(SolutionConfigurationPlatforms) = preSolution
		Debug|x86 = Debug|x86
		Release|x86 = Release|x86
	EndGlobalSection
	GlobalSection(ProjectConfigurationPlatforms) = postSolution
		{6D0A8C57-DBFA-419D-8D21-9CB97AA3ACE5}.Debug|x86.ActiveCfg = Debug|x86
		{6D0A8C57-DBFA-419D-8D21-9CB97AA3ACE5}.Debug|x86.Build.0 = Debug|x86
		{6D0A8C57-DBFA-419D-8D21-9CB97AA3ACE5}.Release|x86.ActiveCfg = Release|x86
		{6D0A8C57-DBFA-419D-8D21-9CB97AA3ACE5}.Release|x86.Build.0 = Release|x86
		{E0E1AB91-247C-421E-8662-2306960424E7}.Debug|x86.ActiveCfg = Debug|x86
		{E0E1AB91-247C-421E-8662-2306960424E7}.Release|x86.ActiveCfg = Release|x86
	EndGlobalSection
	GlobalSection(SolutionProperties) = preSolution
		HideSolutionNode = FALSE
	EndGlobalSection
EndGlobal
