
Microsoft Visual Studio Solution File, Format Version 12.00
# Visual Studio 2013
VisualStudioVersion = 12.0.40629.0
MinimumVisualStudioVersion = 10.0.40219.1
Project("{FAE04EC0-301F-11D3-BF4B-00C04F79EFBC}") = "KBMENUTESTFULLCAPS", "KBMENUTESTFULLCAPS\KBMENUTESTFULLCAPS\KBMENUTESTFULLCAPS.csproj", "{2E46DAB4-AE6D-497A-A8BB-BD34FBFECFC2}"
EndProject
Project("{FAE04EC0-301F-11D3-BF4B-00C04F79EFBC}") = "KBMENUTESTFULLCAPSContent", "KBMENUTESTFULLCAPS\KBMENUTESTFULLCAPSContent\KBMENUTESTFULLCAPSContent.contentproj", "{C1881A74-AA5D-41E0-B863-7190630854B9}"
EndProject
Global
	GlobalSection(SolutionConfigurationPlatforms) = preSolution
		Debug|x86 = Debug|x86
		Release|x86 = Release|x86
	EndGlobalSection
	GlobalSection(ProjectConfigurationPlatforms) = postSolution
		{2E46DAB4-AE6D-497A-A8BB-BD34FBFECFC2}.Debug|x86.ActiveCfg = Debug|x86
		{2E46DAB4-AE6D-497A-A8BB-BD34FBFECFC2}.Debug|x86.Build.0 = Debug|x86
		{2E46DAB4-AE6D-497A-A8BB-BD34FBFECFC2}.Release|x86.ActiveCfg = Release|x86
		{2E46DAB4-AE6D-497A-A8BB-BD34FBFECFC2}.Release|x86.Build.0 = Release|x86
		{C1881A74-AA5D-41E0-B863-7190630854B9}.Debug|x86.ActiveCfg = Debug|x86
		{C1881A74-AA5D-41E0-B863-7190630854B9}.Release|x86.ActiveCfg = Release|x86
	EndGlobalSection
	GlobalSection(SolutionProperties) = preSolution
		HideSolutionNode = FALSE
	EndGlobalSection
EndGlobal
