
Microsoft Visual Studio Solution File, Format Version 12.00
# Visual Studio 2013
VisualStudioVersion = 12.0.40629.0
MinimumVisualStudioVersion = 10.0.40219.1
Project("{FAE04EC0-301F-11D3-BF4B-00C04F79EFBC}") = "Asteroids_Intro_2._0", "Asteroids Intro 2.0\Asteroids_Intro_2._0\Asteroids_Intro_2._0.csproj", "{30047F0A-7AC4-4847-9E25-3DE5EDB9DF1A}"
EndProject
Project("{96E2B04D-8817-42C6-938A-82C39BA4D311}") = "Asteroids_Intro_2._0Content", "Asteroids Intro 2.0\Asteroids_Intro_2._0Content\Asteroids_Intro_2._0Content.contentproj", "{3213D183-CE8A-4834-9E0F-E59A7B7B8015}"
EndProject
Global
	GlobalSection(SolutionConfigurationPlatforms) = preSolution
		Debug|x86 = Debug|x86
		Release|x86 = Release|x86
	EndGlobalSection
	GlobalSection(ProjectConfigurationPlatforms) = postSolution
		{30047F0A-7AC4-4847-9E25-3DE5EDB9DF1A}.Debug|x86.ActiveCfg = Debug|x86
		{30047F0A-7AC4-4847-9E25-3DE5EDB9DF1A}.Debug|x86.Build.0 = Debug|x86
		{30047F0A-7AC4-4847-9E25-3DE5EDB9DF1A}.Release|x86.ActiveCfg = Release|x86
		{30047F0A-7AC4-4847-9E25-3DE5EDB9DF1A}.Release|x86.Build.0 = Release|x86
		{3213D183-CE8A-4834-9E0F-E59A7B7B8015}.Debug|x86.ActiveCfg = Debug|x86
		{3213D183-CE8A-4834-9E0F-E59A7B7B8015}.Release|x86.ActiveCfg = Release|x86
	EndGlobalSection
	GlobalSection(SolutionProperties) = preSolution
		HideSolutionNode = FALSE
	EndGlobalSection
EndGlobal
