
Microsoft Visual Studio Solution File, Format Version 12.00
# Visual Studio 2013
VisualStudioVersion = 12.0.30723.0
MinimumVisualStudioVersion = 10.0.40219.1
Project("{FAE04EC0-301F-11D3-BF4B-00C04F79EFBC}") = "PhysicsFrameworkXNA", "PhysicsFrameworkXNA\PhysicsFrameworkXNA\PhysicsFrameworkXNA.csproj", "{95B2806B-B1A0-4E9A-82AB-F38ECE4E75DF}"
EndProject
Project("{96E2B04D-8817-42C6-938A-82C39BA4D311}") = "PhysicsFrameworkXNAContent", "PhysicsFrameworkXNA\PhysicsFrameworkXNAContent\PhysicsFrameworkXNAContent.contentproj", "{6DE71561-ED43-4D51-9737-F8CED9C6D238}"
EndProject
Global
	GlobalSection(SolutionConfigurationPlatforms) = preSolution
		Debug|x86 = Debug|x86
		Release|x86 = Release|x86
	EndGlobalSection
	GlobalSection(ProjectConfigurationPlatforms) = postSolution
		{95B2806B-B1A0-4E9A-82AB-F38ECE4E75DF}.Debug|x86.ActiveCfg = Debug|x86
		{95B2806B-B1A0-4E9A-82AB-F38ECE4E75DF}.Debug|x86.Build.0 = Debug|x86
		{95B2806B-B1A0-4E9A-82AB-F38ECE4E75DF}.Release|x86.ActiveCfg = Release|x86
		{95B2806B-B1A0-4E9A-82AB-F38ECE4E75DF}.Release|x86.Build.0 = Release|x86
		{6DE71561-ED43-4D51-9737-F8CED9C6D238}.Debug|x86.ActiveCfg = Debug|x86
		{6DE71561-ED43-4D51-9737-F8CED9C6D238}.Release|x86.ActiveCfg = Release|x86
	EndGlobalSection
	GlobalSection(SolutionProperties) = preSolution
		HideSolutionNode = FALSE
	EndGlobalSection
EndGlobal
