
Microsoft Visual Studio Solution File, Format Version 12.00
# Visual Studio 2013
VisualStudioVersion = 12.0.30723.0
MinimumVisualStudioVersion = 10.0.40219.1
Project("{FAE04EC0-301F-11D3-BF4B-00C04F79EFBC}") = "Stroids", "Stroids\Stroids\Stroids.csproj", "{86F3C050-A18E-48A8-AA50-21346E3380E0}"
EndProject
Project("{96E2B04D-8817-42C6-938A-82C39BA4D311}") = "StroidsContent", "Stroids\StroidsContent\StroidsContent.contentproj", "{27A6A513-8BDA-4CB8-B962-A0AB4C212044}"
EndProject
Global
	GlobalSection(SolutionConfigurationPlatforms) = preSolution
		Debug|x86 = Debug|x86
		Release|x86 = Release|x86
	EndGlobalSection
	GlobalSection(ProjectConfigurationPlatforms) = postSolution
		{86F3C050-A18E-48A8-AA50-21346E3380E0}.Debug|x86.ActiveCfg = Debug|x86
		{86F3C050-A18E-48A8-AA50-21346E3380E0}.Debug|x86.Build.0 = Debug|x86
		{86F3C050-A18E-48A8-AA50-21346E3380E0}.Release|x86.ActiveCfg = Release|x86
		{86F3C050-A18E-48A8-AA50-21346E3380E0}.Release|x86.Build.0 = Release|x86
		{27A6A513-8BDA-4CB8-B962-A0AB4C212044}.Debug|x86.ActiveCfg = Debug|x86
		{27A6A513-8BDA-4CB8-B962-A0AB4C212044}.Release|x86.ActiveCfg = Release|x86
	EndGlobalSection
	GlobalSection(SolutionProperties) = preSolution
		HideSolutionNode = FALSE
	EndGlobalSection
EndGlobal
